// !$*UTF8*$!
{
	archiveVersion = 1;
	classes = {
	};
	objectVersion = 50;
	objects = {

/* Begin PBXBuildFile section */
		FBAA19D227E005330008A538 /* AppDelegate.swift in Sources */ = {isa = PBXBuildFile; fileRef = FBAA19D127E005330008A538 /* AppDelegate.swift */; };
		FBAA19D427E005330008A538 /* SceneDelegate.swift in Sources */ = {isa = PBXBuildFile; fileRef = FBAA19D327E005330008A538 /* SceneDelegate.swift */; };
		FBAA19D627E005330008A538 /* ViewController.swift in Sources */ = {isa = PBXBuildFile; fileRef = FBAA19D527E005330008A538 /* ViewController.swift */; };
		FBAA19D927E005330008A538 /* Main.storyboard in Resources */ = {isa = PBXBuildFile; fileRef = FBAA19D727E005330008A538 /* Main.storyboard */; };
		FBAA19DB27E005340008A538 /* Assets.xcassets in Resources */ = {isa = PBXBuildFile; fileRef = FBAA19DA27E005340008A538 /* Assets.xcassets */; };
		FBAA19DE27E005340008A538 /* LaunchScreen.storyboard in Resources */ = {isa = PBXBuildFile; fileRef = FBAA19DC27E005340008A538 /* LaunchScreen.storyboard */; };
		FBAA19E827E005A90008A538 /* SecondViewController.swift in Sources */ = {isa = PBXBuildFile; fileRef = FBAA19E727E005A90008A538 /* SecondViewController.swift */; };
		FBAA19EB27E005BD0008A538 /* ThirdViewController.swift in Sources */ = {isa = PBXBuildFile; fileRef = FBAA19EA27E005BD0008A538 /* ThirdViewController.swift */; };
/* End PBXBuildFile section */

/* Begin PBXFileReference section */
		FBAA19CE27E005330008A538 /* Exercicio-Modulo-12.app */ = {isa = PBXFileReference; explicitFileType = wrapper.application; includeInIndex = 0; path = "Exercicio-Modulo-12.app"; sourceTree = BUILT_PRODUCTS_DIR; };
		FBAA19D127E005330008A538 /* AppDelegate.swift */ = {isa = PBXFileReference; lastKnownFileType = sourcecode.swift; path = AppDelegate.swift; sourceTree = "<group>"; };
		FBAA19D327E005330008A538 /* SceneDelegate.swift */ = {isa = PBXFileReference; lastKnownFileType = sourcecode.swift; path = SceneDelegate.swift; sourceTree = "<group>"; };
		FBAA19D527E005330008A538 /* ViewController.swift */ = {isa = PBXFileReference; lastKnownFileType = sourcecode.swift; path = ViewController.swift; sourceTree = "<group>"; };
		FBAA19D827E005330008A538 /* Base */ = {isa = PBXFileReference; lastKnownFileType = file.storyboard; name = Base; path = Base.lproj/Main.storyboard; sourceTree = "<group>"; };
		FBAA19DA27E005340008A538 /* Assets.xcassets */ = {isa = PBXFileReference; lastKnownFileType = folder.assetcatalog; path = Assets.xcassets; sourceTree = "<group>"; };
		FBAA19DD27E005340008A538 /* Base */ = {isa = PBXFileReference; lastKnownFileType = file.storyboard; name = Base; path = Base.lproj/LaunchScreen.storyboard; sourceTree = "<group>"; };
		FBAA19DF27E005340008A538 /* Info.plist */ = {isa = PBXFileReference; lastKnownFileType = text.plist.xml; path = Info.plist; sourceTree = "<group>"; };
		FBAA19E727E005A90008A538 /* SecondViewController.swift */ = {isa = PBXFileReference; lastKnownFileType = sourcecode.swift; path = SecondViewController.swift; sourceTree = "<group>"; };
		FBAA19EA27E005BD0008A538 /* ThirdViewController.swift */ = {isa = PBXFileReference; lastKnownFileType = sourcecode.swift; path = ThirdViewController.swift; sourceTree = "<group>"; };
/* End PBXFileReference section */

/* Begin PBXFrameworksBuildPhase section */
		FBAA19CB27E005330008A538 /* Frameworks */ = {
			isa = PBXFrameworksBuildPhase;
			buildActionMask = 2147483647;
			files = (
			);
			runOnlyForDeploymentPostprocessing = 0;
		};
/* End PBXFrameworksBuildPhase section */

/* Begin PBXGroup section */
		FBAA19C527E005330008A538 = {
			isa = PBXGroup;
			children = (
				FBAA19D027E005330008A538 /* Exercicio-Modulo-12 */,
				FBAA19CF27E005330008A538 /* Products */,
			);
			sourceTree = "<group>";
		};
		FBAA19CF27E005330008A538 /* Products */ = {
			isa = PBXGroup;
			children = (
				FBAA19CE27E005330008A538 /* Exercicio-Modulo-12.app */,
			);
			name = Products;
			sourceTree = "<group>";
		};
		FBAA19D027E005330008A538 /* Exercicio-Modulo-12 */ = {
			isa = PBXGroup;
			children = (
				FBAA19D127E005330008A538 /* AppDelegate.swift */,
				FBAA19D327E005330008A538 /* SceneDelegate.swift */,
				FBAA19D527E005330008A538 /* ViewController.swift */,
				FBAA19E727E005A90008A538 /* SecondViewController.swift */,
				FBAA19EA27E005BD0008A538 /* ThirdViewController.swift */,
				FBAA19D727E005330008A538 /* Main.storyboard */,
				FBAA19DA27E005340008A538 /* Assets.xcassets */,
				FBAA19DC27E005340008A538 /* LaunchScreen.storyboard */,
				FBAA19DF27E005340008A538 /* Info.plist */,
			);
			path = "Exercicio-Modulo-12";
			sourceTree = "<group>";
		};
/* End PBXGroup section */

/* Begin PBXNativeTarget section */
		FBAA19CD27E005330008A538 /* Exercicio-Modulo-12 */ = {
			isa = PBXNativeTarget;
			buildConfigurationList = FBAA19E227E005340008A538 /* Build configuration list for PBXNativeTarget "Exercicio-Modulo-12" */;
			buildPhases = (
				FBAA19CA27E005330008A538 /* Sources */,
				FBAA19CB27E005330008A538 /* Frameworks */,
				FBAA19CC27E005330008A538 /* Resources */,
			);
			buildRules = (
			);
			dependencies = (
			);
			name = "Exercicio-Modulo-12";
			productName = "Exercicio-Modulo-12";
			productReference = FBAA19CE27E005330008A538 /* Exercicio-Modulo-12.app */;
			productType = "com.apple.product-type.application";
		};
/* End PBXNativeTarget section */

/* Begin PBXProject section */
		FBAA19C627E005330008A538 /* Project object */ = {
			isa = PBXProject;
			attributes = {
				LastSwiftUpdateCheck = 1210;
				LastUpgradeCheck = 1210;
				TargetAttributes = {
					FBAA19CD27E005330008A538 = {
						CreatedOnToolsVersion = 12.1;
					};
				};
			};
			buildConfigurationList = FBAA19C927E005330008A538 /* Build configuration list for PBXProject "Exercicio-Modulo-12" */;
			compatibilityVersion = "Xcode 9.3";
			developmentRegion = en;
			hasScannedForEncodings = 0;
			knownRegions = (
				en,
				Base,
			);
			mainGroup = FBAA19C527E005330008A538;
			productRefGroup = FBAA19CF27E005330008A538 /* Products */;
			projectDirPath = "";
			projectRoot = "";
			targets = (
				FBAA19CD27E005330008A538 /* Exercicio-Modulo-12 */,
			);
		};
/* End PBXProject section */

/* Begin PBXResourcesBuildPhase section */
		FBAA19CC27E005330008A538 /* Resources */ = {
			isa = PBXResourcesBuildPhase;
			buildActionMask = 2147483647;
			files = (
				FBAA19DE27E005340008A538 /* LaunchScreen.storyboard in Resources */,
				FBAA19DB27E005340008A538 /* Assets.xcassets in Resources */,
				FBAA19D927E005330008A538 /* Main.storyboard in Resources */,
			);
			runOnlyForDeploymentPostprocessing = 0;
		};
/* End PBXResourcesBuildPhase section */

/* Begin PBXSourcesBuildPhase section */
		FBAA19CA27E005330008A538 /* Sources */ = {
			isa = PBXSourcesBuildPhase;
			buildActionMask = 2147483647;
			files = (
				FBAA19E827E005A90008A538 /* SecondViewController.swift in Sources */,
				FBAA19D627E005330008A538 /* ViewController.swift in Sources */,
				FBAA19EB27E005BD0008A538 /* ThirdViewController.swift in Sources */,
				FBAA19D227E005330008A538 /* AppDelegate.swift in Sources */,
				FBAA19D427E005330008A538 /* SceneDelegate.swift in Sources */,
			);
			runOnlyForDeploymentPostprocessing = 0;
		};
/* End PBXSourcesBuildPhase section */

/* Begin PBXVariantGroup section */
		FBAA19D727E005330008A538 /* Main.storyboard */ = {
			isa = PBXVariantGroup;
			children = (
				FBAA19D827E005330008A538 /* Base */,
			);
			name = Main.storyboard;
			sourceTree = "<group>";
		};
		FBAA19DC27E005340008A538 /* LaunchScreen.storyboard */ = {
			isa = PBXVariantGroup;
			children = (
				FBAA19DD27E005340008A538 /* Base */,
			);
			name = LaunchScreen.storyboard;
			sourceTree = "<group>";
		};
/* End PBXVariantGroup section */

/* Begin XCBuildConfiguration section */
		FBAA19E027E005340008A538 /* Debug */ = {
			isa = XCBuildConfiguration;
			buildSettings = {
				ALWAYS_SEARCH_USER_PATHS = NO;
				CLANG_ANALYZER_NONNULL = YES;
				CLANG_ANALYZER_NUMBER_OBJECT_CONVERSION = YES_AGGRESSIVE;
				CLANG_CXX_LANGUAGE_STANDARD = "gnu++14";
				CLANG_CXX_LIBRARY = "libc++";
				CLANG_ENABLE_MODULES = YES;
				CLANG_ENABLE_OBJC_ARC = YES;
				CLANG_ENABLE_OBJC_WEAK = YES;
				CLANG_WARN_BLOCK_CAPTURE_AUTORELEASING = YES;
				CLANG_WARN_BOOL_CONVERSION = YES;
				CLANG_WARN_COMMA = YES;
				CLANG_WARN_CONSTANT_CONVERSION = YES;
				CLANG_WARN_DEPRECATED_OBJC_IMPLEMENTATIONS = YES;
				CLANG_WARN_DIRECT_OBJC_ISA_USAGE = YES_ERROR;
				CLANG_WARN_DOCUMENTATION_COMMENTS = YES;
				CLANG_WARN_EMPTY_BODY = YES;
				CLANG_WARN_ENUM_CONVERSION = YES;
				CLANG_WARN_INFINITE_RECURSION = YES;
				CLANG_WARN_INT_CONVERSION = YES;
				CLANG_WARN_NON_LITERAL_NULL_CONVERSION = YES;
				CLANG_WARN_OBJC_IMPLICIT_RETAIN_SELF = YES;
				CLANG_WARN_OBJC_LITERAL_CONVERSION = YES;
				CLANG_WARN_OBJC_ROOT_CLASS = YES_ERROR;
				CLANG_WARN_QUOTED_INCLUDE_IN_FRAMEWORK_HEADER = YES;
				CLANG_WARN_RANGE_LOOP_ANALYSIS = YES;
				CLANG_WARN_STRICT_PROTOTYPES = YES;
				CLANG_WARN_SUSPICIOUS_MOVE = YES;
				CLANG_WARN_UNGUARDED_AVAILABILITY = YES_AGGRESSIVE;
				CLANG_WARN_UNREACHABLE_CODE = YES;
				CLANG_WARN__DUPLICATE_METHOD_MATCH = YES;
				COPY_PHASE_STRIP = NO;
				DEBUG_INFORMATION_FORMAT = dwarf;
				ENABLE_STRICT_OBJC_MSGSEND = YES;
				ENABLE_TESTABILITY = YES;
				GCC_C_LANGUAGE_STANDARD = gnu11;
				GCC_DYNAMIC_NO_PIC = NO;
				GCC_NO_COMMON_BLOCKS = YES;
				GCC_OPTIMIZATION_LEVEL = 0;
				GCC_PREPROCESSOR_DEFINITIONS = (
					"DEBUG=1",
					"$(inherited)",
				);
				GCC_WARN_64_TO_32_BIT_CONVERSION = YES;
				GCC_WARN_ABOUT_RETURN_TYPE = YES_ERROR;
				GCC_WARN_UNDECLARED_SELECTOR = YES;
				GCC_WARN_UNINITIALIZED_AUTOS = YES_AGGRESSIVE;
				GCC_WARN_UNUSED_FUNCTION = YES;
				GCC_WARN_UNUSED_VARIABLE = YES;
				IPHONEOS_DEPLOYMENT_TARGET = 14.1;
				MTL_ENABLE_DEBUG_INFO = INCLUDE_SOURCE;
				MTL_FAST_MATH = YES;
				ONLY_ACTIVE_ARCH = YES;
				SDKROOT = iphoneos;
				SWIFT_ACTIVE_COMPILATION_CONDITIONS = DEBUG;
				SWIFT_OPTIMIZATION_LEVEL = "-Onone";
			};
			name = Debug;
		};
		FBAA19E127E005340008A538 /* Release */ = {
			isa = XCBuildConfiguration;
			buildSettings = {
				ALWAYS_SEARCH_USER_PATHS = NO;
				CLANG_ANALYZER_NONNULL = YES;
				CLANG_ANALYZER_NUMBER_OBJECT_CONVERSION = YES_AGGRESSIVE;
				CLANG_CXX_LANGUAGE_STANDARD = "gnu++14";
				CLANG_CXX_LIBRARY = "libc++";
				CLANG_ENABLE_MODULES = YES;
				CLANG_ENABLE_OBJC_ARC = YES;
				CLANG_ENABLE_OBJC_WEAK = YES;
				CLANG_WARN_BLOCK_CAPTURE_AUTORELEASING = YES;
				CLANG_WARN_BOOL_CONVERSION = YES;
				CLANG_WARN_COMMA = YES;
				CLANG_WARN_CONSTANT_CONVERSION = YES;
				CLANG_WARN_DEPRECATED_OBJC_IMPLEMENTATIONS = YES;
				CLANG_WARN_DIRECT_OBJC_ISA_USAGE = YES_ERROR;
				CLANG_WARN_DOCUMENTATION_COMMENTS = YES;
				CLANG_WARN_EMPTY_BODY = YES;
				CLANG_WARN_ENUM_CONVERSION = YES;
				CLANG_WARN_INFINITE_RECURSION = YES;
				CLANG_WARN_INT_CONVERSION = YES;
				CLANG_WARN_NON_LITERAL_NULL_CONVERSION = YES;
				CLANG_WARN_OBJC_IMPLICIT_RETAIN_SELF = YES;
				CLANG_WARN_OBJC_LITERAL_CONVERSION = YES;
				CLANG_WARN_OBJC_ROOT_CLASS = YES_ERROR;
				CLANG_WARN_QUOTED_INCLUDE_IN_FRAMEWORK_HEADER = YES;
				CLANG_WARN_RANGE_LOOP_ANALYSIS = YES;
				CLANG_WARN_STRICT_PROTOTYPES = YES;
				CLANG_WARN_SUSPICIOUS_MOVE = YES;
				CLANG_WARN_UNGUARDED_AVAILABILITY = YES_AGGRESSIVE;
				CLANG_WARN_UNREACHABLE_CODE = YES;
				CLANG_WARN__DUPLICATE_METHOD_MATCH = YES;
				COPY_PHASE_STRIP = NO;
				DEBUG_INFORMATION_FORMAT = "dwarf-with-dsym";
				ENABLE_NS_ASSERTIONS = NO;
				ENABLE_STRICT_OBJC_MSGSEND = YES;
				GCC_C_LANGUAGE_STANDARD = gnu11;
				GCC_NO_COMMON_BLOCKS = YES;
				GCC_WARN_64_TO_32_BIT_CONVERSION = YES;
				GCC_WARN_ABOUT_RETURN_TYPE = YES_ERROR;
				GCC_WARN_UNDECLARED_SELECTOR = YES;
				GCC_WARN_UNINITIALIZED_AUTOS = YES_AGGRESSIVE;
				GCC_WARN_UNUSED_FUNCTION = YES;
				GCC_WARN_UNUSED_VARIABLE = YES;
				IPHONEOS_DEPLOYMENT_TARGET = 14.1;
				MTL_ENABLE_DEBUG_INFO = NO;
				MTL_FAST_MATH = YES;
				SDKROOT = iphoneos;
				SWIFT_COMPILATION_MODE = wholemodule;
				SWIFT_OPTIMIZATION_LEVEL = "-O";
				VALIDATE_PRODUCT = YES;
			};
			name = Release;
		};
		FBAA19E327E005340008A538 /* Debug */ = {
			isa = XCBuildConfiguration;
			buildSettings = {
				ASSETCATALOG_COMPILER_APPICON_NAME = AppIcon;
				ASSETCATALOG_COMPILER_GLOBAL_ACCENT_COLOR_NAME = AccentColor;
				CODE_SIGN_STYLE = Automatic;
				INFOPLIST_FILE = "Exercicio-Modulo-12/Info.plist";
				LD_RUNPATH_SEARCH_PATHS = (
					"$(inherited)",
					"@executable_path/Frameworks",
				);
				PRODUCT_BUNDLE_IDENTIFIER = "kleitonmendes.Exercicio-Modulo-12";
				PRODUCT_NAME = "$(TARGET_NAME)";
				SWIFT_VERSION = 5.0;
				TARGETED_DEVICE_FAMILY = "1,2";
			};
			name = Debug;
		};
		FBAA19E427E005340008A538 /* Release */ = {
			isa = XCBuildConfiguration;
			buildSettings = {
				ASSETCATALOG_COMPILER_APPICON_NAME = AppIcon;
				ASSETCATALOG_COMPILER_GLOBAL_ACCENT_COLOR_NAME = AccentColor;
				CODE_SIGN_STYLE = Automatic;
				INFOPLIST_FILE = "Exercicio-Modulo-12/Info.plist";
				LD_RUNPATH_SEARCH_PATHS = (
					"$(inherited)",
					"@executable_path/Frameworks",
				);
				PRODUCT_BUNDLE_IDENTIFIER = "kleitonmendes.Exercicio-Modulo-12";
				PRODUCT_NAME = "$(TARGET_NAME)";
				SWIFT_VERSION = 5.0;
				TARGETED_DEVICE_FAMILY = "1,2";
			};
			name = Release;
		};
/* End XCBuildConfiguration section */

/* Begin XCConfigurationList section */
		FBAA19C927E005330008A538 /* Build configuration list for PBXProject "Exercicio-Modulo-12" */ = {
			isa = XCConfigurationList;
			buildConfigurations = (
				FBAA19E027E005340008A538 /* Debug */,
				FBAA19E127E005340008A538 /* Release */,
			);
			defaultConfigurationIsVisible = 0;
			defaultConfigurationName = Release;
		};
		FBAA19E227E005340008A538 /* Build configuration list for PBXNativeTarget "Exercicio-Modulo-12" */ = {
			isa = XCConfigurationList;
			buildConfigurations = (
				FBAA19E327E005340008A538 /* Debug */,
				FBAA19E427E005340008A538 /* Release */,
			);
			defaultConfigurationIsVisible = 0;
			defaultConfigurationName = Release;
		};
/* End XCConfigurationList section */
	};
	rootObject = FBAA19C627E005330008A538 /* Project object */;
}
