// !$*UTF8*$!
{
	archiveVersion = 1;
	classes = {
	};
	objectVersion = 55;
	objects = {

/* Begin PBXBuildFile section */
		FBC0D6F9285FF4F500809FC4 /* MainTableView.swift in Sources */ = {isa = PBXBuildFile; fileRef = FBC0D6F8285FF4F500809FC4 /* MainTableView.swift */; };
		FBFE2BD428595F75008281B1 /* AppDelegate.swift in Sources */ = {isa = PBXBuildFile; fileRef = FBFE2BD328595F75008281B1 /* AppDelegate.swift */; };
		FBFE2BD628595F75008281B1 /* SceneDelegate.swift in Sources */ = {isa = PBXBuildFile; fileRef = FBFE2BD528595F75008281B1 /* SceneDelegate.swift */; };
		FBFE2BD828595F75008281B1 /* MainTableViewController.swift in Sources */ = {isa = PBXBuildFile; fileRef = FBFE2BD728595F75008281B1 /* MainTableViewController.swift */; };
		FBFE2BDB28595F75008281B1 /* Main.storyboard in Resources */ = {isa = PBXBuildFile; fileRef = FBFE2BD928595F75008281B1 /* Main.storyboard */; };
		FBFE2BDD28595F77008281B1 /* Assets.xcassets in Resources */ = {isa = PBXBuildFile; fileRef = FBFE2BDC28595F77008281B1 /* Assets.xcassets */; };
		FBFE2BE028595F77008281B1 /* LaunchScreen.storyboard in Resources */ = {isa = PBXBuildFile; fileRef = FBFE2BDE28595F77008281B1 /* LaunchScreen.storyboard */; };
		FBFE2BE828596093008281B1 /* file.json in Resources */ = {isa = PBXBuildFile; fileRef = FBFE2BE728596093008281B1 /* file.json */; };
		FBFE2BEA285960D7008281B1 /* Network.swift in Sources */ = {isa = PBXBuildFile; fileRef = FBFE2BE9285960D7008281B1 /* Network.swift */; };
		FBFE2BED285960FD008281B1 /* NewYorkTableViewCell.swift in Sources */ = {isa = PBXBuildFile; fileRef = FBFE2BEB285960FD008281B1 /* NewYorkTableViewCell.swift */; };
/* End PBXBuildFile section */

/* Begin PBXFileReference section */
		FBC0D6F8285FF4F500809FC4 /* MainTableView.swift */ = {isa = PBXFileReference; lastKnownFileType = sourcecode.swift; path = MainTableView.swift; sourceTree = "<group>"; };
		FBFE2BD028595F75008281B1 /* Exercicio-M14.app */ = {isa = PBXFileReference; explicitFileType = wrapper.application; includeInIndex = 0; path = "Exercicio-M14.app"; sourceTree = BUILT_PRODUCTS_DIR; };
		FBFE2BD328595F75008281B1 /* AppDelegate.swift */ = {isa = PBXFileReference; lastKnownFileType = sourcecode.swift; path = AppDelegate.swift; sourceTree = "<group>"; };
		FBFE2BD528595F75008281B1 /* SceneDelegate.swift */ = {isa = PBXFileReference; lastKnownFileType = sourcecode.swift; path = SceneDelegate.swift; sourceTree = "<group>"; };
		FBFE2BD728595F75008281B1 /* MainTableViewController.swift */ = {isa = PBXFileReference; lastKnownFileType = sourcecode.swift; path = MainTableViewController.swift; sourceTree = "<group>"; };
		FBFE2BDA28595F75008281B1 /* Base */ = {isa = PBXFileReference; lastKnownFileType = file.storyboard; name = Base; path = Base.lproj/Main.storyboard; sourceTree = "<group>"; };
		FBFE2BDC28595F77008281B1 /* Assets.xcassets */ = {isa = PBXFileReference; lastKnownFileType = folder.assetcatalog; path = Assets.xcassets; sourceTree = "<group>"; };
		FBFE2BDF28595F77008281B1 /* Base */ = {isa = PBXFileReference; lastKnownFileType = file.storyboard; name = Base; path = Base.lproj/LaunchScreen.storyboard; sourceTree = "<group>"; };
		FBFE2BE128595F77008281B1 /* Info.plist */ = {isa = PBXFileReference; lastKnownFileType = text.plist.xml; path = Info.plist; sourceTree = "<group>"; };
		FBFE2BE728596093008281B1 /* file.json */ = {isa = PBXFileReference; fileEncoding = 4; lastKnownFileType = text.json; path = file.json; sourceTree = "<group>"; };
		FBFE2BE9285960D7008281B1 /* Network.swift */ = {isa = PBXFileReference; lastKnownFileType = sourcecode.swift; path = Network.swift; sourceTree = "<group>"; };
		FBFE2BEB285960FD008281B1 /* NewYorkTableViewCell.swift */ = {isa = PBXFileReference; lastKnownFileType = sourcecode.swift; path = NewYorkTableViewCell.swift; sourceTree = "<group>"; };
/* End PBXFileReference section */

/* Begin PBXFrameworksBuildPhase section */
		FBFE2BCD28595F75008281B1 /* Frameworks */ = {
			isa = PBXFrameworksBuildPhase;
			buildActionMask = 2147483647;
			files = (
			);
			runOnlyForDeploymentPostprocessing = 0;
		};
/* End PBXFrameworksBuildPhase section */

/* Begin PBXGroup section */
		FBFE2BC728595F75008281B1 = {
			isa = PBXGroup;
			children = (
				FBFE2BD228595F75008281B1 /* Exercicio-M14 */,
				FBFE2BD128595F75008281B1 /* Products */,
			);
			sourceTree = "<group>";
		};
		FBFE2BD128595F75008281B1 /* Products */ = {
			isa = PBXGroup;
			children = (
				FBFE2BD028595F75008281B1 /* Exercicio-M14.app */,
			);
			name = Products;
			sourceTree = "<group>";
		};
		FBFE2BD228595F75008281B1 /* Exercicio-M14 */ = {
			isa = PBXGroup;
			children = (
				FBFE2BD328595F75008281B1 /* AppDelegate.swift */,
				FBFE2BD528595F75008281B1 /* SceneDelegate.swift */,
				FBFE2BE9285960D7008281B1 /* Network.swift */,
				FBFE2BD728595F75008281B1 /* MainTableViewController.swift */,
				FBC0D6F8285FF4F500809FC4 /* MainTableView.swift */,
				FBFE2BEB285960FD008281B1 /* NewYorkTableViewCell.swift */,
				FBFE2BD928595F75008281B1 /* Main.storyboard */,
				FBFE2BDC28595F77008281B1 /* Assets.xcassets */,
				FBFE2BDE28595F77008281B1 /* LaunchScreen.storyboard */,
				FBFE2BE128595F77008281B1 /* Info.plist */,
				FBFE2BE728596093008281B1 /* file.json */,
			);
			path = "Exercicio-M14";
			sourceTree = "<group>";
		};
/* End PBXGroup section */

/* Begin PBXNativeTarget section */
		FBFE2BCF28595F75008281B1 /* Exercicio-M14 */ = {
			isa = PBXNativeTarget;
			buildConfigurationList = FBFE2BE428595F77008281B1 /* Build configuration list for PBXNativeTarget "Exercicio-M14" */;
			buildPhases = (
				FBFE2BCC28595F75008281B1 /* Sources */,
				FBFE2BCD28595F75008281B1 /* Frameworks */,
				FBFE2BCE28595F75008281B1 /* Resources */,
			);
			buildRules = (
			);
			dependencies = (
			);
			name = "Exercicio-M14";
			productName = "Exercicio-M14";
			productReference = FBFE2BD028595F75008281B1 /* Exercicio-M14.app */;
			productType = "com.apple.product-type.application";
		};
/* End PBXNativeTarget section */

/* Begin PBXProject section */
		FBFE2BC828595F75008281B1 /* Project object */ = {
			isa = PBXProject;
			attributes = {
				BuildIndependentTargetsInParallel = 1;
				LastSwiftUpdateCheck = 1320;
				LastUpgradeCheck = 1320;
				TargetAttributes = {
					FBFE2BCF28595F75008281B1 = {
						CreatedOnToolsVersion = 13.2.1;
					};
				};
			};
			buildConfigurationList = FBFE2BCB28595F75008281B1 /* Build configuration list for PBXProject "Exercicio-M14" */;
			compatibilityVersion = "Xcode 13.0";
			developmentRegion = en;
			hasScannedForEncodings = 0;
			knownRegions = (
				en,
				Base,
			);
			mainGroup = FBFE2BC728595F75008281B1;
			productRefGroup = FBFE2BD128595F75008281B1 /* Products */;
			projectDirPath = "";
			projectRoot = "";
			targets = (
				FBFE2BCF28595F75008281B1 /* Exercicio-M14 */,
			);
		};
/* End PBXProject section */

/* Begin PBXResourcesBuildPhase section */
		FBFE2BCE28595F75008281B1 /* Resources */ = {
			isa = PBXResourcesBuildPhase;
			buildActionMask = 2147483647;
			files = (
				FBFE2BE028595F77008281B1 /* LaunchScreen.storyboard in Resources */,
				FBFE2BE828596093008281B1 /* file.json in Resources */,
				FBFE2BDD28595F77008281B1 /* Assets.xcassets in Resources */,
				FBFE2BDB28595F75008281B1 /* Main.storyboard in Resources */,
			);
			runOnlyForDeploymentPostprocessing = 0;
		};
/* End PBXResourcesBuildPhase section */

/* Begin PBXSourcesBuildPhase section */
		FBFE2BCC28595F75008281B1 /* Sources */ = {
			isa = PBXSourcesBuildPhase;
			buildActionMask = 2147483647;
			files = (
				FBC0D6F9285FF4F500809FC4 /* MainTableView.swift in Sources */,
				FBFE2BD828595F75008281B1 /* MainTableViewController.swift in Sources */,
				FBFE2BD428595F75008281B1 /* AppDelegate.swift in Sources */,
				FBFE2BEA285960D7008281B1 /* Network.swift in Sources */,
				FBFE2BED285960FD008281B1 /* NewYorkTableViewCell.swift in Sources */,
				FBFE2BD628595F75008281B1 /* SceneDelegate.swift in Sources */,
			);
			runOnlyForDeploymentPostprocessing = 0;
		};
/* End PBXSourcesBuildPhase section */

/* Begin PBXVariantGroup section */
		FBFE2BD928595F75008281B1 /* Main.storyboard */ = {
			isa = PBXVariantGroup;
			children = (
				FBFE2BDA28595F75008281B1 /* Base */,
			);
			name = Main.storyboard;
			sourceTree = "<group>";
		};
		FBFE2BDE28595F77008281B1 /* LaunchScreen.storyboard */ = {
			isa = PBXVariantGroup;
			children = (
				FBFE2BDF28595F77008281B1 /* Base */,
			);
			name = LaunchScreen.storyboard;
			sourceTree = "<group>";
		};
/* End PBXVariantGroup section */

/* Begin XCBuildConfiguration section */
		FBFE2BE228595F77008281B1 /* Debug */ = {
			isa = XCBuildConfiguration;
			buildSettings = {
				ALWAYS_SEARCH_USER_PATHS = NO;
				CLANG_ANALYZER_NONNULL = YES;
				CLANG_ANALYZER_NUMBER_OBJECT_CONVERSION = YES_AGGRESSIVE;
				CLANG_CXX_LANGUAGE_STANDARD = "gnu++17";
				CLANG_CXX_LIBRARY = "libc++";
				CLANG_ENABLE_MODULES = YES;
				CLANG_ENABLE_OBJC_ARC = YES;
				CLANG_ENABLE_OBJC_WEAK = YES;
				CLANG_WARN_BLOCK_CAPTURE_AUTORELEASING = YES;
				CLANG_WARN_BOOL_CONVERSION = YES;
				CLANG_WARN_COMMA = YES;
				CLANG_WARN_CONSTANT_CONVERSION = YES;
				CLANG_WARN_DEPRECATED_OBJC_IMPLEMENTATIONS = YES;
				CLANG_WARN_DIRECT_OBJC_ISA_USAGE = YES_ERROR;
				CLANG_WARN_DOCUMENTATION_COMMENTS = YES;
				CLANG_WARN_EMPTY_BODY = YES;
				CLANG_WARN_ENUM_CONVERSION = YES;
				CLANG_WARN_INFINITE_RECURSION = YES;
				CLANG_WARN_INT_CONVERSION = YES;
				CLANG_WARN_NON_LITERAL_NULL_CONVERSION = YES;
				CLANG_WARN_OBJC_IMPLICIT_RETAIN_SELF = YES;
				CLANG_WARN_OBJC_LITERAL_CONVERSION = YES;
				CLANG_WARN_OBJC_ROOT_CLASS = YES_ERROR;
				CLANG_WARN_QUOTED_INCLUDE_IN_FRAMEWORK_HEADER = YES;
				CLANG_WARN_RANGE_LOOP_ANALYSIS = YES;
				CLANG_WARN_STRICT_PROTOTYPES = YES;
				CLANG_WARN_SUSPICIOUS_MOVE = YES;
				CLANG_WARN_UNGUARDED_AVAILABILITY = YES_AGGRESSIVE;
				CLANG_WARN_UNREACHABLE_CODE = YES;
				CLANG_WARN__DUPLICATE_METHOD_MATCH = YES;
				COPY_PHASE_STRIP = NO;
				DEBUG_INFORMATION_FORMAT = dwarf;
				ENABLE_STRICT_OBJC_MSGSEND = YES;
				ENABLE_TESTABILITY = YES;
				GCC_C_LANGUAGE_STANDARD = gnu11;
				GCC_DYNAMIC_NO_PIC = NO;
				GCC_NO_COMMON_BLOCKS = YES;
				GCC_OPTIMIZATION_LEVEL = 0;
				GCC_PREPROCESSOR_DEFINITIONS = (
					"DEBUG=1",
					"$(inherited)",
				);
				GCC_WARN_64_TO_32_BIT_CONVERSION = YES;
				GCC_WARN_ABOUT_RETURN_TYPE = YES_ERROR;
				GCC_WARN_UNDECLARED_SELECTOR = YES;
				GCC_WARN_UNINITIALIZED_AUTOS = YES_AGGRESSIVE;
				GCC_WARN_UNUSED_FUNCTION = YES;
				GCC_WARN_UNUSED_VARIABLE = YES;
				IPHONEOS_DEPLOYMENT_TARGET = 15.2;
				MTL_ENABLE_DEBUG_INFO = INCLUDE_SOURCE;
				MTL_FAST_MATH = YES;
				ONLY_ACTIVE_ARCH = YES;
				SDKROOT = iphoneos;
				SWIFT_ACTIVE_COMPILATION_CONDITIONS = DEBUG;
				SWIFT_OPTIMIZATION_LEVEL = "-Onone";
			};
			name = Debug;
		};
		FBFE2BE328595F77008281B1 /* Release */ = {
			isa = XCBuildConfiguration;
			buildSettings = {
				ALWAYS_SEARCH_USER_PATHS = NO;
				CLANG_ANALYZER_NONNULL = YES;
				CLANG_ANALYZER_NUMBER_OBJECT_CONVERSION = YES_AGGRESSIVE;
				CLANG_CXX_LANGUAGE_STANDARD = "gnu++17";
				CLANG_CXX_LIBRARY = "libc++";
				CLANG_ENABLE_MODULES = YES;
				CLANG_ENABLE_OBJC_ARC = YES;
				CLANG_ENABLE_OBJC_WEAK = YES;
				CLANG_WARN_BLOCK_CAPTURE_AUTORELEASING = YES;
				CLANG_WARN_BOOL_CONVERSION = YES;
				CLANG_WARN_COMMA = YES;
				CLANG_WARN_CONSTANT_CONVERSION = YES;
				CLANG_WARN_DEPRECATED_OBJC_IMPLEMENTATIONS = YES;
				CLANG_WARN_DIRECT_OBJC_ISA_USAGE = YES_ERROR;
				CLANG_WARN_DOCUMENTATION_COMMENTS = YES;
				CLANG_WARN_EMPTY_BODY = YES;
				CLANG_WARN_ENUM_CONVERSION = YES;
				CLANG_WARN_INFINITE_RECURSION = YES;
				CLANG_WARN_INT_CONVERSION = YES;
				CLANG_WARN_NON_LITERAL_NULL_CONVERSION = YES;
				CLANG_WARN_OBJC_IMPLICIT_RETAIN_SELF = YES;
				CLANG_WARN_OBJC_LITERAL_CONVERSION = YES;
				CLANG_WARN_OBJC_ROOT_CLASS = YES_ERROR;
				CLANG_WARN_QUOTED_INCLUDE_IN_FRAMEWORK_HEADER = YES;
				CLANG_WARN_RANGE_LOOP_ANALYSIS = YES;
				CLANG_WARN_STRICT_PROTOTYPES = YES;
				CLANG_WARN_SUSPICIOUS_MOVE = YES;
				CLANG_WARN_UNGUARDED_AVAILABILITY = YES_AGGRESSIVE;
				CLANG_WARN_UNREACHABLE_CODE = YES;
				CLANG_WARN__DUPLICATE_METHOD_MATCH = YES;
				COPY_PHASE_STRIP = NO;
				DEBUG_INFORMATION_FORMAT = "dwarf-with-dsym";
				ENABLE_NS_ASSERTIONS = NO;
				ENABLE_STRICT_OBJC_MSGSEND = YES;
				GCC_C_LANGUAGE_STANDARD = gnu11;
				GCC_NO_COMMON_BLOCKS = YES;
				GCC_WARN_64_TO_32_BIT_CONVERSION = YES;
				GCC_WARN_ABOUT_RETURN_TYPE = YES_ERROR;
				GCC_WARN_UNDECLARED_SELECTOR = YES;
				GCC_WARN_UNINITIALIZED_AUTOS = YES_AGGRESSIVE;
				GCC_WARN_UNUSED_FUNCTION = YES;
				GCC_WARN_UNUSED_VARIABLE = YES;
				IPHONEOS_DEPLOYMENT_TARGET = 15.2;
				MTL_ENABLE_DEBUG_INFO = NO;
				MTL_FAST_MATH = YES;
				SDKROOT = iphoneos;
				SWIFT_COMPILATION_MODE = wholemodule;
				SWIFT_OPTIMIZATION_LEVEL = "-O";
				VALIDATE_PRODUCT = YES;
			};
			name = Release;
		};
		FBFE2BE528595F77008281B1 /* Debug */ = {
			isa = XCBuildConfiguration;
			buildSettings = {
				ASSETCATALOG_COMPILER_APPICON_NAME = AppIcon;
				ASSETCATALOG_COMPILER_GLOBAL_ACCENT_COLOR_NAME = AccentColor;
				CODE_SIGN_STYLE = Automatic;
				CURRENT_PROJECT_VERSION = 1;
				GENERATE_INFOPLIST_FILE = YES;
				INFOPLIST_FILE = "Exercicio-M14/Info.plist";
				INFOPLIST_KEY_UIApplicationSupportsIndirectInputEvents = YES;
				INFOPLIST_KEY_UILaunchStoryboardName = LaunchScreen;
				INFOPLIST_KEY_UIMainStoryboardFile = Main;
				INFOPLIST_KEY_UISupportedInterfaceOrientations_iPad = "UIInterfaceOrientationPortrait UIInterfaceOrientationPortraitUpsideDown UIInterfaceOrientationLandscapeLeft UIInterfaceOrientationLandscapeRight";
				INFOPLIST_KEY_UISupportedInterfaceOrientations_iPhone = "UIInterfaceOrientationPortrait UIInterfaceOrientationLandscapeLeft UIInterfaceOrientationLandscapeRight";
				LD_RUNPATH_SEARCH_PATHS = (
					"$(inherited)",
					"@executable_path/Frameworks",
				);
				MARKETING_VERSION = 1.0;
				PRODUCT_BUNDLE_IDENTIFIER = "kleitonmendes.Exercicio-M14";
				PRODUCT_NAME = "$(TARGET_NAME)";
				SWIFT_EMIT_LOC_STRINGS = YES;
				SWIFT_VERSION = 5.0;
				TARGETED_DEVICE_FAMILY = "1,2";
			};
			name = Debug;
		};
		FBFE2BE628595F77008281B1 /* Release */ = {
			isa = XCBuildConfiguration;
			buildSettings = {
				ASSETCATALOG_COMPILER_APPICON_NAME = AppIcon;
				ASSETCATALOG_COMPILER_GLOBAL_ACCENT_COLOR_NAME = AccentColor;
				CODE_SIGN_STYLE = Automatic;
				CURRENT_PROJECT_VERSION = 1;
				GENERATE_INFOPLIST_FILE = YES;
				INFOPLIST_FILE = "Exercicio-M14/Info.plist";
				INFOPLIST_KEY_UIApplicationSupportsIndirectInputEvents = YES;
				INFOPLIST_KEY_UILaunchStoryboardName = LaunchScreen;
				INFOPLIST_KEY_UIMainStoryboardFile = Main;
				INFOPLIST_KEY_UISupportedInterfaceOrientations_iPad = "UIInterfaceOrientationPortrait UIInterfaceOrientationPortraitUpsideDown UIInterfaceOrientationLandscapeLeft UIInterfaceOrientationLandscapeRight";
				INFOPLIST_KEY_UISupportedInterfaceOrientations_iPhone = "UIInterfaceOrientationPortrait UIInterfaceOrientationLandscapeLeft UIInterfaceOrientationLandscapeRight";
				LD_RUNPATH_SEARCH_PATHS = (
					"$(inherited)",
					"@executable_path/Frameworks",
				);
				MARKETING_VERSION = 1.0;
				PRODUCT_BUNDLE_IDENTIFIER = "kleitonmendes.Exercicio-M14";
				PRODUCT_NAME = "$(TARGET_NAME)";
				SWIFT_EMIT_LOC_STRINGS = YES;
				SWIFT_VERSION = 5.0;
				TARGETED_DEVICE_FAMILY = "1,2";
			};
			name = Release;
		};
/* End XCBuildConfiguration section */

/* Begin XCConfigurationList section */
		FBFE2BCB28595F75008281B1 /* Build configuration list for PBXProject "Exercicio-M14" */ = {
			isa = XCConfigurationList;
			buildConfigurations = (
				FBFE2BE228595F77008281B1 /* Debug */,
				FBFE2BE328595F77008281B1 /* Release */,
			);
			defaultConfigurationIsVisible = 0;
			defaultConfigurationName = Release;
		};
		FBFE2BE428595F77008281B1 /* Build configuration list for PBXNativeTarget "Exercicio-M14" */ = {
			isa = XCConfigurationList;
			buildConfigurations = (
				FBFE2BE528595F77008281B1 /* Debug */,
				FBFE2BE628595F77008281B1 /* Release */,
			);
			defaultConfigurationIsVisible = 0;
			defaultConfigurationName = Release;
		};
/* End XCConfigurationList section */
	};
	rootObject = FBFE2BC828595F75008281B1 /* Project object */;
}
